{
    "version": 3,
    "terraform_version": "0.7.7",
    "serial": 4,
    "lineage": "563b57ca-9542-4fac-bc9e-e554795dddca",
    "modules": [
        {
            "path": [
                "root"
            ],
            "outputs": {
                "public ip": {
                    "sensitive": false,
                    "type": "string",
                    "value": "52.87.161.89"
                }
            },
            "resources": {
                "aws_instance.chef": {
                    "type": "aws_instance",
                    "depends_on": [
                        "aws_security_group.default"
                    ],
                    "primary": {
                        "id": "i-0b15778a9a42c58d6",
                        "attributes": {
                            "ami": "ami-b63769a1",
                            "availability_zone": "us-east-1b",
                            "disable_api_termination": "false",
                            "ebs_block_device.#": "0",
                            "ebs_optimized": "false",
                            "ephemeral_block_device.#": "0",
                            "iam_instance_profile": "",
                            "id": "i-0b15778a9a42c58d6",
                            "instance_state": "running",
                            "instance_type": "t2.micro",
                            "key_name": "ubuntu",
                            "monitoring": "false",
                            "network_interface_id": "eni-3231f0cd",
                            "private_dns": "ip-172-31-57-105.ec2.internal",
                            "private_ip": "172.31.57.105",
                            "public_dns": "ec2-52-87-161-89.compute-1.amazonaws.com",
                            "public_ip": "52.87.161.89",
                            "root_block_device.#": "1",
                            "root_block_device.0.delete_on_termination": "true",
                            "root_block_device.0.iops": "100",
                            "root_block_device.0.volume_size": "10",
                            "root_block_device.0.volume_type": "gp2",
                            "security_groups.#": "0",
                            "source_dest_check": "true",
                            "subnet_id": "subnet-6a21fe47",
                            "tags.%": "1",
                            "tags.Name": "chef-rehl",
                            "tenancy": "default",
                            "user_data": "b8dcc40e371c9611293b81f4421320345ee95ee7",
                            "vpc_security_group_ids.#": "1",
                            "vpc_security_group_ids.1753243360": "sg-b4f95ec9"
                        },
                        "meta": {
                            "schema_version": "1"
                        },
                        "tainted": false
                    },
                    "deposed": [],
                    "provider": ""
                },
                "aws_security_group.default": {
                    "type": "aws_security_group",
                    "depends_on": [],
                    "primary": {
                        "id": "sg-b4f95ec9",
                        "attributes": {
                            "description": "Temporary Security Group",
                            "egress.#": "1",
                            "egress.482069346.cidr_blocks.#": "1",
                            "egress.482069346.cidr_blocks.0": "0.0.0.0/0",
                            "egress.482069346.from_port": "0",
                            "egress.482069346.prefix_list_ids.#": "0",
                            "egress.482069346.protocol": "-1",
                            "egress.482069346.security_groups.#": "0",
                            "egress.482069346.self": "false",
                            "egress.482069346.to_port": "0",
                            "id": "sg-b4f95ec9",
                            "ingress.#": "3",
                            "ingress.2214680975.cidr_blocks.#": "1",
                            "ingress.2214680975.cidr_blocks.0": "0.0.0.0/0",
                            "ingress.2214680975.from_port": "80",
                            "ingress.2214680975.protocol": "tcp",
                            "ingress.2214680975.security_groups.#": "0",
                            "ingress.2214680975.self": "false",
                            "ingress.2214680975.to_port": "80",
                            "ingress.2541437006.cidr_blocks.#": "1",
                            "ingress.2541437006.cidr_blocks.0": "0.0.0.0/0",
                            "ingress.2541437006.from_port": "22",
                            "ingress.2541437006.protocol": "tcp",
                            "ingress.2541437006.security_groups.#": "0",
                            "ingress.2541437006.self": "false",
                            "ingress.2541437006.to_port": "22",
                            "ingress.2617001939.cidr_blocks.#": "1",
                            "ingress.2617001939.cidr_blocks.0": "0.0.0.0/0",
                            "ingress.2617001939.from_port": "443",
                            "ingress.2617001939.protocol": "tcp",
                            "ingress.2617001939.security_groups.#": "0",
                            "ingress.2617001939.self": "false",
                            "ingress.2617001939.to_port": "443",
                            "name": "chef-rhel-sg",
                            "owner_id": "361145217013",
                            "tags.%": "0",
                            "vpc_id": "vpc-863a2ee1"
                        },
                        "meta": {},
                        "tainted": false
                    },
                    "deposed": [],
                    "provider": ""
                }
            },
            "depends_on": []
        }
    ]
}
