{
    "version": 3,
    "terraform_version": "0.7.7",
    "serial": 11,
    "lineage": "563b57ca-9542-4fac-bc9e-e554795dddca",
    "modules": [
        {
            "path": [
                "root"
            ],
            "outputs": {},
            "resources": {
                "aws_instance.chef.0": {
                    "type": "aws_instance",
                    "depends_on": [
                        "aws_security_group.default"
                    ],
                    "primary": {
                        "id": "i-0d4150366177afe17",
                        "attributes": {
                            "ami": "ami-b63769a1",
                            "availability_zone": "us-east-1d",
                            "disable_api_termination": "false",
                            "ebs_block_device.#": "0",
                            "ebs_optimized": "false",
                            "ephemeral_block_device.#": "0",
                            "iam_instance_profile": "",
                            "id": "i-0d4150366177afe17",
                            "instance_state": "running",
                            "instance_type": "t2.micro",
                            "key_name": "ubuntu",
                            "monitoring": "false",
                            "network_interface_id": "eni-33897df2",
                            "private_dns": "ip-172-31-27-162.ec2.internal",
                            "private_ip": "172.31.27.162",
                            "public_dns": "ec2-54-147-99-123.compute-1.amazonaws.com",
                            "public_ip": "54.147.99.123",
                            "root_block_device.#": "1",
                            "root_block_device.0.delete_on_termination": "true",
                            "root_block_device.0.iops": "100",
                            "root_block_device.0.volume_size": "10",
                            "root_block_device.0.volume_type": "gp2",
                            "security_groups.#": "0",
                            "source_dest_check": "true",
                            "subnet_id": "subnet-ae9d4ff5",
                            "tags.%": "1",
                            "tags.Name": "chef-rehl",
                            "tenancy": "default",
                            "user_data": "b8dcc40e371c9611293b81f4421320345ee95ee7",
                            "vpc_security_group_ids.#": "1",
                            "vpc_security_group_ids.382778274": "sg-cb8727b6"
                        },
                        "meta": {
                            "schema_version": "1"
                        },
                        "tainted": false
                    },
                    "deposed": [],
                    "provider": ""
                },
                "aws_instance.chef.1": {
                    "type": "aws_instance",
                    "depends_on": [
                        "aws_security_group.default"
                    ],
                    "primary": {
                        "id": "i-05564401166960c28",
                        "attributes": {
                            "ami": "ami-b63769a1",
                            "availability_zone": "us-east-1b",
                            "disable_api_termination": "false",
                            "ebs_block_device.#": "0",
                            "ebs_optimized": "false",
                            "ephemeral_block_device.#": "0",
                            "iam_instance_profile": "",
                            "id": "i-05564401166960c28",
                            "instance_state": "running",
                            "instance_type": "t2.micro",
                            "key_name": "ubuntu",
                            "monitoring": "false",
                            "network_interface_id": "eni-df76a220",
                            "private_dns": "ip-172-31-52-113.ec2.internal",
                            "private_ip": "172.31.52.113",
                            "public_dns": "ec2-54-165-158-52.compute-1.amazonaws.com",
                            "public_ip": "54.165.158.52",
                            "root_block_device.#": "1",
                            "root_block_device.0.delete_on_termination": "true",
                            "root_block_device.0.iops": "100",
                            "root_block_device.0.volume_size": "10",
                            "root_block_device.0.volume_type": "gp2",
                            "security_groups.#": "0",
                            "source_dest_check": "true",
                            "subnet_id": "subnet-6a21fe47",
                            "tags.%": "1",
                            "tags.Name": "chef-rehl",
                            "tenancy": "default",
                            "user_data": "b8dcc40e371c9611293b81f4421320345ee95ee7",
                            "vpc_security_group_ids.#": "1",
                            "vpc_security_group_ids.382778274": "sg-cb8727b6"
                        },
                        "meta": {
                            "schema_version": "1"
                        },
                        "tainted": true
                    },
                    "deposed": [],
                    "provider": ""
                },
                "aws_security_group.default": {
                    "type": "aws_security_group",
                    "depends_on": [
                        "aws_vpc.default"
                    ],
                    "primary": {
                        "id": "sg-cb8727b6",
                        "attributes": {
                            "description": "Chef Security Group",
                            "egress.#": "1",
                            "egress.482069346.cidr_blocks.#": "1",
                            "egress.482069346.cidr_blocks.0": "0.0.0.0/0",
                            "egress.482069346.from_port": "0",
                            "egress.482069346.prefix_list_ids.#": "0",
                            "egress.482069346.protocol": "-1",
                            "egress.482069346.security_groups.#": "0",
                            "egress.482069346.self": "false",
                            "egress.482069346.to_port": "0",
                            "id": "sg-cb8727b6",
                            "ingress.#": "3",
                            "ingress.2214680975.cidr_blocks.#": "1",
                            "ingress.2214680975.cidr_blocks.0": "0.0.0.0/0",
                            "ingress.2214680975.from_port": "80",
                            "ingress.2214680975.protocol": "tcp",
                            "ingress.2214680975.security_groups.#": "0",
                            "ingress.2214680975.self": "false",
                            "ingress.2214680975.to_port": "80",
                            "ingress.2541437006.cidr_blocks.#": "1",
                            "ingress.2541437006.cidr_blocks.0": "0.0.0.0/0",
                            "ingress.2541437006.from_port": "22",
                            "ingress.2541437006.protocol": "tcp",
                            "ingress.2541437006.security_groups.#": "0",
                            "ingress.2541437006.self": "false",
                            "ingress.2541437006.to_port": "22",
                            "ingress.2617001939.cidr_blocks.#": "1",
                            "ingress.2617001939.cidr_blocks.0": "0.0.0.0/0",
                            "ingress.2617001939.from_port": "443",
                            "ingress.2617001939.protocol": "tcp",
                            "ingress.2617001939.security_groups.#": "0",
                            "ingress.2617001939.self": "false",
                            "ingress.2617001939.to_port": "443",
                            "name": "chef-rhel-sg",
                            "owner_id": "361145217013",
                            "tags.%": "0",
                            "vpc_id": "vpc-863a2ee1"
                        },
                        "meta": {},
                        "tainted": false
                    },
                    "deposed": [],
                    "provider": ""
                },
                "aws_subnet.main": {
                    "type": "aws_subnet",
                    "depends_on": [
                        "aws_vpc.default"
                    ],
                    "primary": {
                        "id": "subnet-ae9d4ff5",
                        "attributes": {
                            "availability_zone": "us-east-1d",
                            "cidr_block": "172.31.16.0/20",
                            "id": "subnet-ae9d4ff5",
                            "map_public_ip_on_launch": "true",
                            "tags.%": "0",
                            "vpc_id": "vpc-863a2ee1"
                        },
                        "meta": {},
                        "tainted": false
                    },
                    "deposed": [],
                    "provider": ""
                },
                "aws_vpc.default": {
                    "type": "aws_vpc",
                    "depends_on": [],
                    "primary": {
                        "id": "vpc-863a2ee1",
                        "attributes": {
                            "cidr_block": "172.31.0.0/16",
                            "default_network_acl_id": "acl-be3af2d8",
                            "default_route_table_id": "rtb-97dfa2f1",
                            "default_security_group_id": "sg-6d21c910",
                            "dhcp_options_id": "dopt-753c3811",
                            "enable_classiclink": "false",
                            "enable_dns_hostnames": "true",
                            "enable_dns_support": "true",
                            "id": "vpc-863a2ee1",
                            "instance_tenancy": "default",
                            "main_route_table_id": "rtb-97dfa2f1",
                            "tags.%": "0"
                        },
                        "meta": {},
                        "tainted": false
                    },
                    "deposed": [],
                    "provider": ""
                }
            },
            "depends_on": []
        }
    ]
}
